
Microsoft Visual Studio Solution File, Format Version 12.00
# Visual Studio Version 16
VisualStudioVersion = 16.0.30225.117
MinimumVisualStudioVersion = 10.0.40219.1
Project("{8BC9CEB8-8B4A-11D0-8D11-00A0C91BC942}") = "Sandbox", "Sandbox\Sandbox.vcxproj", "{962F2F45-DFCC-452C-83CF-68098D38DE49}"
EndProject
Project("{8BC9CEB8-8B4A-11D0-8D11-00A0C91BC942}") = "Hazel", "Hazel\Hazel.vcxproj", "{118F75C7-15E0-43F3-9659-47FE5DC9312B}"
EndProject
Global
	GlobalSection(SolutionConfigurationPlatforms) = preSolution
		Debug|x64 = Debug|x64
		Release|x64 = Release|x64
	EndGlobalSection
	GlobalSection(ProjectConfigurationPlatforms) = postSolution
		{118F75C7-15E0-43F3-9659-47FE5DC9312B}.Debug|x64.ActiveCfg = Debug|x64
		{118F75C7-15E0-43F3-9659-47FE5DC9312B}.Debug|x64.Build.0 = Debug|x64
		{118F75C7-15E0-43F3-9659-47FE5DC9312B}.Release|x64.ActiveCfg = Release|x64
		{118F75C7-15E0-43F3-9659-47FE5DC9312B}.Release|x64.Build.0 = Release|x64
		{962F2F45-DFCC-452C-83CF-68098D38DE49}.Debug|x64.ActiveCfg = Debug|x64
		{962F2F45-DFCC-452C-83CF-68098D38DE49}.Debug|x64.Build.0 = Debug|x64
		{962F2F45-DFCC-452C-83CF-68098D38DE49}.Release|x64.ActiveCfg = Release|x64
		{962F2F45-DFCC-452C-83CF-68098D38DE49}.Release|x64.Build.0 = Release|x64
	EndGlobalSection
	GlobalSection(SolutionProperties) = preSolution
		HideSolutionNode = FALSE
	EndGlobalSection
	GlobalSection(ExtensibilityGlobals) = postSolution
		SolutionGuid = {710767D8-3F33-4029-B933-32E91F67A249}
	EndGlobalSection
EndGlobal
